// !$*UTF8*$!
{
	archiveVersion = 1;
	classes = {
	};
	objectVersion = 50;
	objects = {

/* Begin PBXBuildFile section */
		B74BF28122E1890D00FCF587 /* AppDelegate.swift in Sources */ = {isa = PBXBuildFile; fileRef = B74BF28022E1890D00FCF587 /* AppDelegate.swift */; };
		B74BF28322E1890D00FCF587 /* ViewController.swift in Sources */ = {isa = PBXBuildFile; fileRef = B74BF28222E1890D00FCF587 /* ViewController.swift */; };
		B74BF28622E1890D00FCF587 /* Main.storyboard in Resources */ = {isa = PBXBuildFile; fileRef = B74BF28422E1890D00FCF587 /* Main.storyboard */; };
		B74BF28822E1890E00FCF587 /* Assets.xcassets in Resources */ = {isa = PBXBuildFile; fileRef = B74BF28722E1890E00FCF587 /* Assets.xcassets */; };
		B74BF28B22E1890E00FCF587 /* LaunchScreen.storyboard in Resources */ = {isa = PBXBuildFile; fileRef = B74BF28922E1890E00FCF587 /* LaunchScreen.storyboard */; };
		B74BF29322E18A3300FCF587 /* NetworkManager.swift in Sources */ = {isa = PBXBuildFile; fileRef = B74BF29222E18A3300FCF587 /* NetworkManager.swift */; };
		B74BF29522E18A5A00FCF587 /* ViewControllerViews.swift in Sources */ = {isa = PBXBuildFile; fileRef = B74BF29422E18A5A00FCF587 /* ViewControllerViews.swift */; };
/* End PBXBuildFile section */

/* Begin PBXFileReference section */
		B74BF27D22E1890D00FCF587 /* geniusplaza.app */ = {isa = PBXFileReference; explicitFileType = wrapper.application; includeInIndex = 0; path = geniusplaza.app; sourceTree = BUILT_PRODUCTS_DIR; };
		B74BF28022E1890D00FCF587 /* AppDelegate.swift */ = {isa = PBXFileReference; lastKnownFileType = sourcecode.swift; path = AppDelegate.swift; sourceTree = "<group>"; };
		B74BF28222E1890D00FCF587 /* ViewController.swift */ = {isa = PBXFileReference; lastKnownFileType = sourcecode.swift; path = ViewController.swift; sourceTree = "<group>"; };
		B74BF28522E1890D00FCF587 /* Base */ = {isa = PBXFileReference; lastKnownFileType = file.storyboard; name = Base; path = Base.lproj/Main.storyboard; sourceTree = "<group>"; };
		B74BF28722E1890E00FCF587 /* Assets.xcassets */ = {isa = PBXFileReference; lastKnownFileType = folder.assetcatalog; path = Assets.xcassets; sourceTree = "<group>"; };
		B74BF28A22E1890E00FCF587 /* Base */ = {isa = PBXFileReference; lastKnownFileType = file.storyboard; name = Base; path = Base.lproj/LaunchScreen.storyboard; sourceTree = "<group>"; };
		B74BF28C22E1890E00FCF587 /* Info.plist */ = {isa = PBXFileReference; lastKnownFileType = text.plist.xml; path = Info.plist; sourceTree = "<group>"; };
		B74BF29222E18A3300FCF587 /* NetworkManager.swift */ = {isa = PBXFileReference; lastKnownFileType = sourcecode.swift; path = NetworkManager.swift; sourceTree = "<group>"; };
		B74BF29422E18A5A00FCF587 /* ViewControllerViews.swift */ = {isa = PBXFileReference; lastKnownFileType = sourcecode.swift; path = ViewControllerViews.swift; sourceTree = "<group>"; };
/* End PBXFileReference section */

/* Begin PBXFrameworksBuildPhase section */
		B74BF27A22E1890D00FCF587 /* Frameworks */ = {
			isa = PBXFrameworksBuildPhase;
			buildActionMask = 2147483647;
			files = (
			);
			runOnlyForDeploymentPostprocessing = 0;
		};
/* End PBXFrameworksBuildPhase section */

/* Begin PBXGroup section */
		B74BF27422E1890D00FCF587 = {
			isa = PBXGroup;
			children = (
				B74BF27F22E1890D00FCF587 /* geniusplaza */,
				B74BF27E22E1890D00FCF587 /* Products */,
			);
			sourceTree = "<group>";
		};
		B74BF27E22E1890D00FCF587 /* Products */ = {
			isa = PBXGroup;
			children = (
				B74BF27D22E1890D00FCF587 /* geniusplaza.app */,
			);
			name = Products;
			sourceTree = "<group>";
		};
		B74BF27F22E1890D00FCF587 /* geniusplaza */ = {
			isa = PBXGroup;
			children = (
				B74BF28022E1890D00FCF587 /* AppDelegate.swift */,
				B74BF28222E1890D00FCF587 /* ViewController.swift */,
				B74BF29222E18A3300FCF587 /* NetworkManager.swift */,
				B74BF29422E18A5A00FCF587 /* ViewControllerViews.swift */,
				B74BF28422E1890D00FCF587 /* Main.storyboard */,
				B74BF28722E1890E00FCF587 /* Assets.xcassets */,
				B74BF28922E1890E00FCF587 /* LaunchScreen.storyboard */,
				B74BF28C22E1890E00FCF587 /* Info.plist */,
			);
			path = geniusplaza;
			sourceTree = "<group>";
		};
/* End PBXGroup section */

/* Begin PBXNativeTarget section */
		B74BF27C22E1890D00FCF587 /* geniusplaza */ = {
			isa = PBXNativeTarget;
			buildConfigurationList = B74BF28F22E1890E00FCF587 /* Build configuration list for PBXNativeTarget "geniusplaza" */;
			buildPhases = (
				B74BF27922E1890D00FCF587 /* Sources */,
				B74BF27A22E1890D00FCF587 /* Frameworks */,
				B74BF27B22E1890D00FCF587 /* Resources */,
			);
			buildRules = (
			);
			dependencies = (
			);
			name = geniusplaza;
			productName = geniusplaza;
			productReference = B74BF27D22E1890D00FCF587 /* geniusplaza.app */;
			productType = "com.apple.product-type.application";
		};
/* End PBXNativeTarget section */

/* Begin PBXProject section */
		B74BF27522E1890D00FCF587 /* Project object */ = {
			isa = PBXProject;
			attributes = {
				LastSwiftUpdateCheck = 1020;
				LastUpgradeCheck = 1020;
				ORGANIZATIONNAME = "Hugo Reyes";
				TargetAttributes = {
					B74BF27C22E1890D00FCF587 = {
						CreatedOnToolsVersion = 10.2.1;
					};
				};
			};
			buildConfigurationList = B74BF27822E1890D00FCF587 /* Build configuration list for PBXProject "geniusplaza" */;
			compatibilityVersion = "Xcode 9.3";
			developmentRegion = en;
			hasScannedForEncodings = 0;
			knownRegions = (
				en,
				Base,
			);
			mainGroup = B74BF27422E1890D00FCF587;
			productRefGroup = B74BF27E22E1890D00FCF587 /* Products */;
			projectDirPath = "";
			projectRoot = "";
			targets = (
				B74BF27C22E1890D00FCF587 /* geniusplaza */,
			);
		};
/* End PBXProject section */

/* Begin PBXResourcesBuildPhase section */
		B74BF27B22E1890D00FCF587 /* Resources */ = {
			isa = PBXResourcesBuildPhase;
			buildActionMask = 2147483647;
			files = (
				B74BF28B22E1890E00FCF587 /* LaunchScreen.storyboard in Resources */,
				B74BF28822E1890E00FCF587 /* Assets.xcassets in Resources */,
				B74BF28622E1890D00FCF587 /* Main.storyboard in Resources */,
			);
			runOnlyForDeploymentPostprocessing = 0;
		};
/* End PBXResourcesBuildPhase section */

/* Begin PBXSourcesBuildPhase section */
		B74BF27922E1890D00FCF587 /* Sources */ = {
			isa = PBXSourcesBuildPhase;
			buildActionMask = 2147483647;
			files = (
				B74BF29322E18A3300FCF587 /* NetworkManager.swift in Sources */,
				B74BF29522E18A5A00FCF587 /* ViewControllerViews.swift in Sources */,
				B74BF28322E1890D00FCF587 /* ViewController.swift in Sources */,
				B74BF28122E1890D00FCF587 /* AppDelegate.swift in Sources */,
			);
			runOnlyForDeploymentPostprocessing = 0;
		};
/* End PBXSourcesBuildPhase section */

/* Begin PBXVariantGroup section */
		B74BF28422E1890D00FCF587 /* Main.storyboard */ = {
			isa = PBXVariantGroup;
			children = (
				B74BF28522E1890D00FCF587 /* Base */,
			);
			name = Main.storyboard;
			sourceTree = "<group>";
		};
		B74BF28922E1890E00FCF587 /* LaunchScreen.storyboard */ = {
			isa = PBXVariantGroup;
			children = (
				B74BF28A22E1890E00FCF587 /* Base */,
			);
			name = LaunchScreen.storyboard;
			sourceTree = "<group>";
		};
/* End PBXVariantGroup section */

/* Begin XCBuildConfiguration section */
		B74BF28D22E1890E00FCF587 /* Debug */ = {
			isa = XCBuildConfiguration;
			buildSettings = {
				ALWAYS_SEARCH_USER_PATHS = NO;
				CLANG_ANALYZER_NONNULL = YES;
				CLANG_ANALYZER_NUMBER_OBJECT_CONVERSION = YES_AGGRESSIVE;
				CLANG_CXX_LANGUAGE_STANDARD = "gnu++14";
				CLANG_CXX_LIBRARY = "libc++";
				CLANG_ENABLE_MODULES = YES;
				CLANG_ENABLE_OBJC_ARC = YES;
				CLANG_ENABLE_OBJC_WEAK = YES;
				CLANG_WARN_BLOCK_CAPTURE_AUTORELEASING = YES;
				CLANG_WARN_BOOL_CONVERSION = YES;
				CLANG_WARN_COMMA = YES;
				CLANG_WARN_CONSTANT_CONVERSION = YES;
				CLANG_WARN_DEPRECATED_OBJC_IMPLEMENTATIONS = YES;
				CLANG_WARN_DIRECT_OBJC_ISA_USAGE = YES_ERROR;
				CLANG_WARN_DOCUMENTATION_COMMENTS = YES;
				CLANG_WARN_EMPTY_BODY = YES;
				CLANG_WARN_ENUM_CONVERSION = YES;
				CLANG_WARN_INFINITE_RECURSION = YES;
				CLANG_WARN_INT_CONVERSION = YES;
				CLANG_WARN_NON_LITERAL_NULL_CONVERSION = YES;
				CLANG_WARN_OBJC_IMPLICIT_RETAIN_SELF = YES;
				CLANG_WARN_OBJC_LITERAL_CONVERSION = YES;
				CLANG_WARN_OBJC_ROOT_CLASS = YES_ERROR;
				CLANG_WARN_RANGE_LOOP_ANALYSIS = YES;
				CLANG_WARN_STRICT_PROTOTYPES = YES;
				CLANG_WARN_SUSPICIOUS_MOVE = YES;
				CLANG_WARN_UNGUARDED_AVAILABILITY = YES_AGGRESSIVE;
				CLANG_WARN_UNREACHABLE_CODE = YES;
				CLANG_WARN__DUPLICATE_METHOD_MATCH = YES;
				CODE_SIGN_IDENTITY = "iPhone Developer";
				COPY_PHASE_STRIP = NO;
				DEBUG_INFORMATION_FORMAT = dwarf;
				ENABLE_STRICT_OBJC_MSGSEND = YES;
				ENABLE_TESTABILITY = YES;
				GCC_C_LANGUAGE_STANDARD = gnu11;
				GCC_DYNAMIC_NO_PIC = NO;
				GCC_NO_COMMON_BLOCKS = YES;
				GCC_OPTIMIZATION_LEVEL = 0;
				GCC_PREPROCESSOR_DEFINITIONS = (
					"DEBUG=1",
					"$(inherited)",
				);
				GCC_WARN_64_TO_32_BIT_CONVERSION = YES;
				GCC_WARN_ABOUT_RETURN_TYPE = YES_ERROR;
				GCC_WARN_UNDECLARED_SELECTOR = YES;
				GCC_WARN_UNINITIALIZED_AUTOS = YES_AGGRESSIVE;
				GCC_WARN_UNUSED_FUNCTION = YES;
				GCC_WARN_UNUSED_VARIABLE = YES;
				IPHONEOS_DEPLOYMENT_TARGET = 12.2;
				MTL_ENABLE_DEBUG_INFO = INCLUDE_SOURCE;
				MTL_FAST_MATH = YES;
				ONLY_ACTIVE_ARCH = YES;
				SDKROOT = iphoneos;
				SWIFT_ACTIVE_COMPILATION_CONDITIONS = DEBUG;
				SWIFT_OPTIMIZATION_LEVEL = "-Onone";
			};
			name = Debug;
		};
		B74BF28E22E1890E00FCF587 /* Release */ = {
			isa = XCBuildConfiguration;
			buildSettings = {
				ALWAYS_SEARCH_USER_PATHS = NO;
				CLANG_ANALYZER_NONNULL = YES;
				CLANG_ANALYZER_NUMBER_OBJECT_CONVERSION = YES_AGGRESSIVE;
				CLANG_CXX_LANGUAGE_STANDARD = "gnu++14";
				CLANG_CXX_LIBRARY = "libc++";
				CLANG_ENABLE_MODULES = YES;
				CLANG_ENABLE_OBJC_ARC = YES;
				CLANG_ENABLE_OBJC_WEAK = YES;
				CLANG_WARN_BLOCK_CAPTURE_AUTORELEASING = YES;
				CLANG_WARN_BOOL_CONVERSION = YES;
				CLANG_WARN_COMMA = YES;
				CLANG_WARN_CONSTANT_CONVERSION = YES;
				CLANG_WARN_DEPRECATED_OBJC_IMPLEMENTATIONS = YES;
				CLANG_WARN_DIRECT_OBJC_ISA_USAGE = YES_ERROR;
				CLANG_WARN_DOCUMENTATION_COMMENTS = YES;
				CLANG_WARN_EMPTY_BODY = YES;
				CLANG_WARN_ENUM_CONVERSION = YES;
				CLANG_WARN_INFINITE_RECURSION = YES;
				CLANG_WARN_INT_CONVERSION = YES;
				CLANG_WARN_NON_LITERAL_NULL_CONVERSION = YES;
				CLANG_WARN_OBJC_IMPLICIT_RETAIN_SELF = YES;
				CLANG_WARN_OBJC_LITERAL_CONVERSION = YES;
				CLANG_WARN_OBJC_ROOT_CLASS = YES_ERROR;
				CLANG_WARN_RANGE_LOOP_ANALYSIS = YES;
				CLANG_WARN_STRICT_PROTOTYPES = YES;
				CLANG_WARN_SUSPICIOUS_MOVE = YES;
				CLANG_WARN_UNGUARDED_AVAILABILITY = YES_AGGRESSIVE;
				CLANG_WARN_UNREACHABLE_CODE = YES;
				CLANG_WARN__DUPLICATE_METHOD_MATCH = YES;
				CODE_SIGN_IDENTITY = "iPhone Developer";
				COPY_PHASE_STRIP = NO;
				DEBUG_INFORMATION_FORMAT = "dwarf-with-dsym";
				ENABLE_NS_ASSERTIONS = NO;
				ENABLE_STRICT_OBJC_MSGSEND = YES;
				GCC_C_LANGUAGE_STANDARD = gnu11;
				GCC_NO_COMMON_BLOCKS = YES;
				GCC_WARN_64_TO_32_BIT_CONVERSION = YES;
				GCC_WARN_ABOUT_RETURN_TYPE = YES_ERROR;
				GCC_WARN_UNDECLARED_SELECTOR = YES;
				GCC_WARN_UNINITIALIZED_AUTOS = YES_AGGRESSIVE;
				GCC_WARN_UNUSED_FUNCTION = YES;
				GCC_WARN_UNUSED_VARIABLE = YES;
				IPHONEOS_DEPLOYMENT_TARGET = 12.2;
				MTL_ENABLE_DEBUG_INFO = NO;
				MTL_FAST_MATH = YES;
				SDKROOT = iphoneos;
				SWIFT_COMPILATION_MODE = wholemodule;
				SWIFT_OPTIMIZATION_LEVEL = "-O";
				VALIDATE_PRODUCT = YES;
			};
			name = Release;
		};
		B74BF29022E1890E00FCF587 /* Debug */ = {
			isa = XCBuildConfiguration;
			buildSettings = {
				ASSETCATALOG_COMPILER_APPICON_NAME = AppIcon;
				CODE_SIGN_STYLE = Automatic;
				DEVELOPMENT_TEAM = 2P8898Y938;
				INFOPLIST_FILE = geniusplaza/Info.plist;
				LD_RUNPATH_SEARCH_PATHS = (
					"$(inherited)",
					"@executable_path/Frameworks",
				);
				PRODUCT_BUNDLE_IDENTIFIER = amellsolutions.geniusplaza;
				PRODUCT_NAME = "$(TARGET_NAME)";
				SWIFT_VERSION = 5.0;
				TARGETED_DEVICE_FAMILY = "1,2";
			};
			name = Debug;
		};
		B74BF29122E1890E00FCF587 /* Release */ = {
			isa = XCBuildConfiguration;
			buildSettings = {
				ASSETCATALOG_COMPILER_APPICON_NAME = AppIcon;
				CODE_SIGN_STYLE = Automatic;
				DEVELOPMENT_TEAM = 2P8898Y938;
				INFOPLIST_FILE = geniusplaza/Info.plist;
				LD_RUNPATH_SEARCH_PATHS = (
					"$(inherited)",
					"@executable_path/Frameworks",
				);
				PRODUCT_BUNDLE_IDENTIFIER = amellsolutions.geniusplaza;
				PRODUCT_NAME = "$(TARGET_NAME)";
				SWIFT_VERSION = 5.0;
				TARGETED_DEVICE_FAMILY = "1,2";
			};
			name = Release;
		};
/* End XCBuildConfiguration section */

/* Begin XCConfigurationList section */
		B74BF27822E1890D00FCF587 /* Build configuration list for PBXProject "geniusplaza" */ = {
			isa = XCConfigurationList;
			buildConfigurations = (
				B74BF28D22E1890E00FCF587 /* Debug */,
				B74BF28E22E1890E00FCF587 /* Release */,
			);
			defaultConfigurationIsVisible = 0;
			defaultConfigurationName = Release;
		};
		B74BF28F22E1890E00FCF587 /* Build configuration list for PBXNativeTarget "geniusplaza" */ = {
			isa = XCConfigurationList;
			buildConfigurations = (
				B74BF29022E1890E00FCF587 /* Debug */,
				B74BF29122E1890E00FCF587 /* Release */,
			);
			defaultConfigurationIsVisible = 0;
			defaultConfigurationName = Release;
		};
/* End XCConfigurationList section */
	};
	rootObject = B74BF27522E1890D00FCF587 /* Project object */;
}
